{
  "name": "vedrax-material-utility",
  "version": "0.0.1",
  "lockfileVersion": 1,
  "requires": true,
  "dependencies": {
    "@angular/material": {
      "version": "14.2.1",
      "resolved": "https://registry.npmjs.org/@angular/material/-/material-14.2.1.tgz",
      "integrity": "sha512-e7DkKJTuqrSpKPhxahrqkZt6AeU5ld5/aSeCamq2dcdqfZ8otmgiajzN0cXZGwSCT2Lth6c+QV3yn8ufTJQpTw==",
      "dev": true,
      "requires": {
        "tslib": "^2.3.0"
      },
      "dependencies": {
        "tslib": {
          "version": "2.4.0",
          "resolved": "https://registry.npmjs.org/tslib/-/tslib-2.4.0.tgz",
          "integrity": "sha512-d6xOpEDfsi2CZVlPQzGeux8XMwLT9hssAsaPYExaQMuYskwb+x1x7J371tWlbBdWHroy99KnVB6qIkUbs5X3UQ==",
          "dev": true
        }
      }
    }
  }
}
